
Microsoft Visual Studio Solution File, Format Version 12.00
# Visual Studio Version 16
VisualStudioVersion = 16.0.30320.27
MinimumVisualStudioVersion = 10.0.40219.1
Project("{FAE04EC0-301F-11D3-BF4B-00C04F79EFBC}") = "FitTrackerCapStone", "FitTrackerCapStone\FitTrackerCapStone.csproj", "{1E6B482C-76EA-47E6-B6DB-4D65979C91D9}"
EndProject
Global
	GlobalSection(SolutionConfigurationPlatforms) = preSolution
		Debug|Any CPU = Debug|Any CPU
		Release|Any CPU = Release|Any CPU
	EndGlobalSection
	GlobalSection(ProjectConfigurationPlatforms) = postSolution
		{1E6B482C-76EA-47E6-B6DB-4D65979C91D9}.Debug|Any CPU.ActiveCfg = Debug|Any CPU
		{1E6B482C-76EA-47E6-B6DB-4D65979C91D9}.Debug|Any CPU.Build.0 = Debug|Any CPU
		{1E6B482C-76EA-47E6-B6DB-4D65979C91D9}.Release|Any CPU.ActiveCfg = Release|Any CPU
		{1E6B482C-76EA-47E6-B6DB-4D65979C91D9}.Release|Any CPU.Build.0 = Release|Any CPU
	EndGlobalSection
	GlobalSection(SolutionProperties) = preSolution
		HideSolutionNode = FALSE
	EndGlobalSection
	GlobalSection(ExtensibilityGlobals) = postSolution
		SolutionGuid = {A660EBC5-18CB-470F-B826-B88C193A369B}
	EndGlobalSection
EndGlobal
